
Microsoft Visual Studio Solution File, Format Version 12.00
# Visual Studio Version 16
VisualStudioVersion = 16.0.29613.14
MinimumVisualStudioVersion = 10.0.40219.1
Project("{FAE04EC0-301F-11D3-BF4B-00C04F79EFBC}") = "GAMMA", "GAMMA\GAMMA.csproj", "{8F7CD173-01BB-4EE5-A676-3EF7B62300C0}"
EndProject
Global
	GlobalSection(SolutionConfigurationPlatforms) = preSolution
		Debug|Any CPU = Debug|Any CPU
		Release|Any CPU = Release|Any CPU
	EndGlobalSection
	GlobalSection(ProjectConfigurationPlatforms) = postSolution
		{8F7CD173-01BB-4EE5-A676-3EF7B62300C0}.Debug|Any CPU.ActiveCfg = Debug|Any CPU
		{8F7CD173-01BB-4EE5-A676-3EF7B62300C0}.Debug|Any CPU.Build.0 = Debug|Any CPU
		{8F7CD173-01BB-4EE5-A676-3EF7B62300C0}.Release|Any CPU.ActiveCfg = Release|Any CPU
		{8F7CD173-01BB-4EE5-A676-3EF7B62300C0}.Release|Any CPU.Build.0 = Release|Any CPU
	EndGlobalSection
	GlobalSection(SolutionProperties) = preSolution
		HideSolutionNode = FALSE
	EndGlobalSection
	GlobalSection(ExtensibilityGlobals) = postSolution
		SolutionGuid = {CE9CF3BD-573E-4D60-B546-83D77C9DD9C1}
	EndGlobalSection
EndGlobal
